// !$*UTF8*$!
{
	archiveVersion = 1;
	classes = {
	};
	objectVersion = 46;
	objects = {

/* Begin PBXBuildFile section */
		83D66AF21A79686900B6DE26 /* main.m in Sources */ = {isa = PBXBuildFile; fileRef = 83D66AF11A79686900B6DE26 /* main.m */; };
		83D66AF51A79686900B6DE26 /* AppDelegate.m in Sources */ = {isa = PBXBuildFile; fileRef = 83D66AF41A79686900B6DE26 /* AppDelegate.m */; };
		83D66AF81A79686900B6DE26 /* ViewController.m in Sources */ = {isa = PBXBuildFile; fileRef = 83D66AF71A79686900B6DE26 /* ViewController.m */; };
		83D66AFB1A79686900B6DE26 /* Main.storyboard in Resources */ = {isa = PBXBuildFile; fileRef = 83D66AF91A79686900B6DE26 /* Main.storyboard */; };
		83D66AFD1A79686900B6DE26 /* Images.xcassets in Resources */ = {isa = PBXBuildFile; fileRef = 83D66AFC1A79686900B6DE26 /* Images.xcassets */; };
		83D66B001A79686900B6DE26 /* LaunchScreen.xib in Resources */ = {isa = PBXBuildFile; fileRef = 83D66AFE1A79686900B6DE26 /* LaunchScreen.xib */; };
		83D66B0C1A79686900B6DE26 /* GRMakersTests.m in Sources */ = {isa = PBXBuildFile; fileRef = 83D66B0B1A79686900B6DE26 /* GRMakersTests.m */; };
/* End PBXBuildFile section */

/* Begin PBXContainerItemProxy section */
		83D66B061A79686900B6DE26 /* PBXContainerItemProxy */ = {
			isa = PBXContainerItemProxy;
			containerPortal = 83D66AE41A79686900B6DE26 /* Project object */;
			proxyType = 1;
			remoteGlobalIDString = 83D66AEB1A79686900B6DE26;
			remoteInfo = GRMakers;
		};
/* End PBXContainerItemProxy section */

/* Begin PBXFileReference section */
		83D66AEC1A79686900B6DE26 /* GRMakers.app */ = {isa = PBXFileReference; explicitFileType = wrapper.application; includeInIndex = 0; path = GRMakers.app; sourceTree = BUILT_PRODUCTS_DIR; };
		83D66AF01A79686900B6DE26 /* Info.plist */ = {isa = PBXFileReference; lastKnownFileType = text.plist.xml; path = Info.plist; sourceTree = "<group>"; };
		83D66AF11A79686900B6DE26 /* main.m */ = {isa = PBXFileReference; lastKnownFileType = sourcecode.c.objc; path = main.m; sourceTree = "<group>"; };
		83D66AF31A79686900B6DE26 /* AppDelegate.h */ = {isa = PBXFileReference; lastKnownFileType = sourcecode.c.h; path = AppDelegate.h; sourceTree = "<group>"; };
		83D66AF41A79686900B6DE26 /* AppDelegate.m */ = {isa = PBXFileReference; lastKnownFileType = sourcecode.c.objc; path = AppDelegate.m; sourceTree = "<group>"; };
		83D66AF61A79686900B6DE26 /* ViewController.h */ = {isa = PBXFileReference; lastKnownFileType = sourcecode.c.h; path = ViewController.h; sourceTree = "<group>"; };
		83D66AF71A79686900B6DE26 /* ViewController.m */ = {isa = PBXFileReference; lastKnownFileType = sourcecode.c.objc; path = ViewController.m; sourceTree = "<group>"; };
		83D66AFA1A79686900B6DE26 /* Base */ = {isa = PBXFileReference; lastKnownFileType = file.storyboard; name = Base; path = Base.lproj/Main.storyboard; sourceTree = "<group>"; };
		83D66AFC1A79686900B6DE26 /* Images.xcassets */ = {isa = PBXFileReference; lastKnownFileType = folder.assetcatalog; path = Images.xcassets; sourceTree = "<group>"; };
		83D66AFF1A79686900B6DE26 /* Base */ = {isa = PBXFileReference; lastKnownFileType = file.xib; name = Base; path = Base.lproj/LaunchScreen.xib; sourceTree = "<group>"; };
		83D66B051A79686900B6DE26 /* GRMakersTests.xctest */ = {isa = PBXFileReference; explicitFileType = wrapper.cfbundle; includeInIndex = 0; path = GRMakersTests.xctest; sourceTree = BUILT_PRODUCTS_DIR; };
		83D66B0A1A79686900B6DE26 /* Info.plist */ = {isa = PBXFileReference; lastKnownFileType = text.plist.xml; path = Info.plist; sourceTree = "<group>"; };
		83D66B0B1A79686900B6DE26 /* GRMakersTests.m */ = {isa = PBXFileReference; lastKnownFileType = sourcecode.c.objc; path = GRMakersTests.m; sourceTree = "<group>"; };
/* End PBXFileReference section */

/* Begin PBXFrameworksBuildPhase section */
		83D66AE91A79686900B6DE26 /* Frameworks */ = {
			isa = PBXFrameworksBuildPhase;
			buildActionMask = 2147483647;
			files = (
			);
			runOnlyForDeploymentPostprocessing = 0;
		};
		83D66B021A79686900B6DE26 /* Frameworks */ = {
			isa = PBXFrameworksBuildPhase;
			buildActionMask = 2147483647;
			files = (
			);
			runOnlyForDeploymentPostprocessing = 0;
		};
/* End PBXFrameworksBuildPhase section */

/* Begin PBXGroup section */
		83D66AE31A79686900B6DE26 = {
			isa = PBXGroup;
			children = (
				83D66AEE1A79686900B6DE26 /* GRMakers */,
				83D66B081A79686900B6DE26 /* GRMakersTests */,
				83D66AED1A79686900B6DE26 /* Products */,
			);
			sourceTree = "<group>";
		};
		83D66AED1A79686900B6DE26 /* Products */ = {
			isa = PBXGroup;
			children = (
				83D66AEC1A79686900B6DE26 /* GRMakers.app */,
				83D66B051A79686900B6DE26 /* GRMakersTests.xctest */,
			);
			name = Products;
			sourceTree = "<group>";
		};
		83D66AEE1A79686900B6DE26 /* GRMakers */ = {
			isa = PBXGroup;
			children = (
				83D66AF31A79686900B6DE26 /* AppDelegate.h */,
				83D66AF41A79686900B6DE26 /* AppDelegate.m */,
				83D66AF61A79686900B6DE26 /* ViewController.h */,
				83D66AF71A79686900B6DE26 /* ViewController.m */,
				83D66AF91A79686900B6DE26 /* Main.storyboard */,
				83D66AFC1A79686900B6DE26 /* Images.xcassets */,
				83D66AFE1A79686900B6DE26 /* LaunchScreen.xib */,
				83D66AEF1A79686900B6DE26 /* Supporting Files */,
			);
			path = GRMakers;
			sourceTree = "<group>";
		};
		83D66AEF1A79686900B6DE26 /* Supporting Files */ = {
			isa = PBXGroup;
			children = (
				83D66AF01A79686900B6DE26 /* Info.plist */,
				83D66AF11A79686900B6DE26 /* main.m */,
			);
			name = "Supporting Files";
			sourceTree = "<group>";
		};
		83D66B081A79686900B6DE26 /* GRMakersTests */ = {
			isa = PBXGroup;
			children = (
				83D66B0B1A79686900B6DE26 /* GRMakersTests.m */,
				83D66B091A79686900B6DE26 /* Supporting Files */,
			);
			path = GRMakersTests;
			sourceTree = "<group>";
		};
		83D66B091A79686900B6DE26 /* Supporting Files */ = {
			isa = PBXGroup;
			children = (
				83D66B0A1A79686900B6DE26 /* Info.plist */,
			);
			name = "Supporting Files";
			sourceTree = "<group>";
		};
/* End PBXGroup section */

/* Begin PBXNativeTarget section */
		83D66AEB1A79686900B6DE26 /* GRMakers */ = {
			isa = PBXNativeTarget;
			buildConfigurationList = 83D66B0F1A79686900B6DE26 /* Build configuration list for PBXNativeTarget "GRMakers" */;
			buildPhases = (
				83D66AE81A79686900B6DE26 /* Sources */,
				83D66AE91A79686900B6DE26 /* Frameworks */,
				83D66AEA1A79686900B6DE26 /* Resources */,
			);
			buildRules = (
			);
			dependencies = (
			);
			name = GRMakers;
			productName = GRMakers;
			productReference = 83D66AEC1A79686900B6DE26 /* GRMakers.app */;
			productType = "com.apple.product-type.application";
		};
		83D66B041A79686900B6DE26 /* GRMakersTests */ = {
			isa = PBXNativeTarget;
			buildConfigurationList = 83D66B121A79686900B6DE26 /* Build configuration list for PBXNativeTarget "GRMakersTests" */;
			buildPhases = (
				83D66B011A79686900B6DE26 /* Sources */,
				83D66B021A79686900B6DE26 /* Frameworks */,
				83D66B031A79686900B6DE26 /* Resources */,
			);
			buildRules = (
			);
			dependencies = (
				83D66B071A79686900B6DE26 /* PBXTargetDependency */,
			);
			name = GRMakersTests;
			productName = GRMakersTests;
			productReference = 83D66B051A79686900B6DE26 /* GRMakersTests.xctest */;
			productType = "com.apple.product-type.bundle.unit-test";
		};
/* End PBXNativeTarget section */

/* Begin PBXProject section */
		83D66AE41A79686900B6DE26 /* Project object */ = {
			isa = PBXProject;
			attributes = {
				LastUpgradeCheck = 0610;
				ORGANIZATIONNAME = "Chris Mahoney";
				TargetAttributes = {
					83D66AEB1A79686900B6DE26 = {
						CreatedOnToolsVersion = 6.1.1;
					};
					83D66B041A79686900B6DE26 = {
						CreatedOnToolsVersion = 6.1.1;
						TestTargetID = 83D66AEB1A79686900B6DE26;
					};
				};
			};
			buildConfigurationList = 83D66AE71A79686900B6DE26 /* Build configuration list for PBXProject "GRMakers" */;
			compatibilityVersion = "Xcode 3.2";
			developmentRegion = English;
			hasScannedForEncodings = 0;
			knownRegions = (
				en,
				Base,
			);
			mainGroup = 83D66AE31A79686900B6DE26;
			productRefGroup = 83D66AED1A79686900B6DE26 /* Products */;
			projectDirPath = "";
			projectRoot = "";
			targets = (
				83D66AEB1A79686900B6DE26 /* GRMakers */,
				83D66B041A79686900B6DE26 /* GRMakersTests */,
			);
		};
/* End PBXProject section */

/* Begin PBXResourcesBuildPhase section */
		83D66AEA1A79686900B6DE26 /* Resources */ = {
			isa = PBXResourcesBuildPhase;
			buildActionMask = 2147483647;
			files = (
				83D66AFB1A79686900B6DE26 /* Main.storyboard in Resources */,
				83D66B001A79686900B6DE26 /* LaunchScreen.xib in Resources */,
				83D66AFD1A79686900B6DE26 /* Images.xcassets in Resources */,
			);
			runOnlyForDeploymentPostprocessing = 0;
		};
		83D66B031A79686900B6DE26 /* Resources */ = {
			isa = PBXResourcesBuildPhase;
			buildActionMask = 2147483647;
			files = (
			);
			runOnlyForDeploymentPostprocessing = 0;
		};
/* End PBXResourcesBuildPhase section */

/* Begin PBXSourcesBuildPhase section */
		83D66AE81A79686900B6DE26 /* Sources */ = {
			isa = PBXSourcesBuildPhase;
			buildActionMask = 2147483647;
			files = (
				83D66AF81A79686900B6DE26 /* ViewController.m in Sources */,
				83D66AF51A79686900B6DE26 /* AppDelegate.m in Sources */,
				83D66AF21A79686900B6DE26 /* main.m in Sources */,
			);
			runOnlyForDeploymentPostprocessing = 0;
		};
		83D66B011A79686900B6DE26 /* Sources */ = {
			isa = PBXSourcesBuildPhase;
			buildActionMask = 2147483647;
			files = (
				83D66B0C1A79686900B6DE26 /* GRMakersTests.m in Sources */,
			);
			runOnlyForDeploymentPostprocessing = 0;
		};
/* End PBXSourcesBuildPhase section */

/* Begin PBXTargetDependency section */
		83D66B071A79686900B6DE26 /* PBXTargetDependency */ = {
			isa = PBXTargetDependency;
			target = 83D66AEB1A79686900B6DE26 /* GRMakers */;
			targetProxy = 83D66B061A79686900B6DE26 /* PBXContainerItemProxy */;
		};
/* End PBXTargetDependency section */

/* Begin PBXVariantGroup section */
		83D66AF91A79686900B6DE26 /* Main.storyboard */ = {
			isa = PBXVariantGroup;
			children = (
				83D66AFA1A79686900B6DE26 /* Base */,
			);
			name = Main.storyboard;
			sourceTree = "<group>";
		};
		83D66AFE1A79686900B6DE26 /* LaunchScreen.xib */ = {
			isa = PBXVariantGroup;
			children = (
				83D66AFF1A79686900B6DE26 /* Base */,
			);
			name = LaunchScreen.xib;
			sourceTree = "<group>";
		};
/* End PBXVariantGroup section */

/* Begin XCBuildConfiguration section */
		83D66B0D1A79686900B6DE26 /* Debug */ = {
			isa = XCBuildConfiguration;
			buildSettings = {
				ALWAYS_SEARCH_USER_PATHS = NO;
				CLANG_CXX_LANGUAGE_STANDARD = "gnu++0x";
				CLANG_CXX_LIBRARY = "libc++";
				CLANG_ENABLE_MODULES = YES;
				CLANG_ENABLE_OBJC_ARC = YES;
				CLANG_WARN_BOOL_CONVERSION = YES;
				CLANG_WARN_CONSTANT_CONVERSION = YES;
				CLANG_WARN_DIRECT_OBJC_ISA_USAGE = YES_ERROR;
				CLANG_WARN_EMPTY_BODY = YES;
				CLANG_WARN_ENUM_CONVERSION = YES;
				CLANG_WARN_INT_CONVERSION = YES;
				CLANG_WARN_OBJC_ROOT_CLASS = YES_ERROR;
				CLANG_WARN_UNREACHABLE_CODE = YES;
				CLANG_WARN__DUPLICATE_METHOD_MATCH = YES;
				"CODE_SIGN_IDENTITY[sdk=iphoneos*]" = "iPhone Developer";
				COPY_PHASE_STRIP = NO;
				ENABLE_STRICT_OBJC_MSGSEND = YES;
				GCC_C_LANGUAGE_STANDARD = gnu99;
				GCC_DYNAMIC_NO_PIC = NO;
				GCC_OPTIMIZATION_LEVEL = 0;
				GCC_PREPROCESSOR_DEFINITIONS = (
					"DEBUG=1",
					"$(inherited)",
				);
				GCC_SYMBOLS_PRIVATE_EXTERN = NO;
				GCC_WARN_64_TO_32_BIT_CONVERSION = YES;
				GCC_WARN_ABOUT_RETURN_TYPE = YES_ERROR;
				GCC_WARN_UNDECLARED_SELECTOR = YES;
				GCC_WARN_UNINITIALIZED_AUTOS = YES_AGGRESSIVE;
				GCC_WARN_UNUSED_FUNCTION = YES;
				GCC_WARN_UNUSED_VARIABLE = YES;
				IPHONEOS_DEPLOYMENT_TARGET = 8.1;
				MTL_ENABLE_DEBUG_INFO = YES;
				ONLY_ACTIVE_ARCH = YES;
				SDKROOT = iphoneos;
				TARGETED_DEVICE_FAMILY = "1,2";
			};
			name = Debug;
		};
		83D66B0E1A79686900B6DE26 /* Release */ = {
			isa = XCBuildConfiguration;
			buildSettings = {
				ALWAYS_SEARCH_USER_PATHS = NO;
				CLANG_CXX_LANGUAGE_STANDARD = "gnu++0x";
				CLANG_CXX_LIBRARY = "libc++";
				CLANG_ENABLE_MODULES = YES;
				CLANG_ENABLE_OBJC_ARC = YES;
				CLANG_WARN_BOOL_CONVERSION = YES;
				CLANG_WARN_CONSTANT_CONVERSION = YES;
				CLANG_WARN_DIRECT_OBJC_ISA_USAGE = YES_ERROR;
				CLANG_WARN_EMPTY_BODY = YES;
				CLANG_WARN_ENUM_CONVERSION = YES;
				CLANG_WARN_INT_CONVERSION = YES;
				CLANG_WARN_OBJC_ROOT_CLASS = YES_ERROR;
				CLANG_WARN_UNREACHABLE_CODE = YES;
				CLANG_WARN__DUPLICATE_METHOD_MATCH = YES;
				"CODE_SIGN_IDENTITY[sdk=iphoneos*]" = "iPhone Developer";
				COPY_PHASE_STRIP = YES;
				ENABLE_NS_ASSERTIONS = NO;
				ENABLE_STRICT_OBJC_MSGSEND = YES;
				GCC_C_LANGUAGE_STANDARD = gnu99;
				GCC_WARN_64_TO_32_BIT_CONVERSION = YES;
				GCC_WARN_ABOUT_RETURN_TYPE = YES_ERROR;
				GCC_WARN_UNDECLARED_SELECTOR = YES;
				GCC_WARN_UNINITIALIZED_AUTOS = YES_AGGRESSIVE;
				GCC_WARN_UNUSED_FUNCTION = YES;
				GCC_WARN_UNUSED_VARIABLE = YES;
				IPHONEOS_DEPLOYMENT_TARGET = 8.1;
				MTL_ENABLE_DEBUG_INFO = NO;
				SDKROOT = iphoneos;
				TARGETED_DEVICE_FAMILY = "1,2";
				VALIDATE_PRODUCT = YES;
			};
			name = Release;
		};
		83D66B101A79686900B6DE26 /* Debug */ = {
			isa = XCBuildConfiguration;
			buildSettings = {
				ASSETCATALOG_COMPILER_APPICON_NAME = AppIcon;
				INFOPLIST_FILE = GRMakers/Info.plist;
				LD_RUNPATH_SEARCH_PATHS = "$(inherited) @executable_path/Frameworks";
				PRODUCT_NAME = "$(TARGET_NAME)";
			};
			name = Debug;
		};
		83D66B111A79686900B6DE26 /* Release */ = {
			isa = XCBuildConfiguration;
			buildSettings = {
				ASSETCATALOG_COMPILER_APPICON_NAME = AppIcon;
				INFOPLIST_FILE = GRMakers/Info.plist;
				LD_RUNPATH_SEARCH_PATHS = "$(inherited) @executable_path/Frameworks";
				PRODUCT_NAME = "$(TARGET_NAME)";
			};
			name = Release;
		};
		83D66B131A79686900B6DE26 /* Debug */ = {
			isa = XCBuildConfiguration;
			buildSettings = {
				BUNDLE_LOADER = "$(TEST_HOST)";
				FRAMEWORK_SEARCH_PATHS = (
					"$(SDKROOT)/Developer/Library/Frameworks",
					"$(inherited)",
				);
				GCC_PREPROCESSOR_DEFINITIONS = (
					"DEBUG=1",
					"$(inherited)",
				);
				INFOPLIST_FILE = GRMakersTests/Info.plist;
				LD_RUNPATH_SEARCH_PATHS = "$(inherited) @executable_path/Frameworks @loader_path/Frameworks";
				PRODUCT_NAME = "$(TARGET_NAME)";
				TEST_HOST = "$(BUILT_PRODUCTS_DIR)/GRMakers.app/GRMakers";
			};
			name = Debug;
		};
		83D66B141A79686900B6DE26 /* Release */ = {
			isa = XCBuildConfiguration;
			buildSettings = {
				BUNDLE_LOADER = "$(TEST_HOST)";
				FRAMEWORK_SEARCH_PATHS = (
					"$(SDKROOT)/Developer/Library/Frameworks",
					"$(inherited)",
				);
				INFOPLIST_FILE = GRMakersTests/Info.plist;
				LD_RUNPATH_SEARCH_PATHS = "$(inherited) @executable_path/Frameworks @loader_path/Frameworks";
				PRODUCT_NAME = "$(TARGET_NAME)";
				TEST_HOST = "$(BUILT_PRODUCTS_DIR)/GRMakers.app/GRMakers";
			};
			name = Release;
		};
/* End XCBuildConfiguration section */

/* Begin XCConfigurationList section */
		83D66AE71A79686900B6DE26 /* Build configuration list for PBXProject "GRMakers" */ = {
			isa = XCConfigurationList;
			buildConfigurations = (
				83D66B0D1A79686900B6DE26 /* Debug */,
				83D66B0E1A79686900B6DE26 /* Release */,
			);
			defaultConfigurationIsVisible = 0;
			defaultConfigurationName = Release;
		};
		83D66B0F1A79686900B6DE26 /* Build configuration list for PBXNativeTarget "GRMakers" */ = {
			isa = XCConfigurationList;
			buildConfigurations = (
				83D66B101A79686900B6DE26 /* Debug */,
				83D66B111A79686900B6DE26 /* Release */,
			);
			defaultConfigurationIsVisible = 0;
		};
		83D66B121A79686900B6DE26 /* Build configuration list for PBXNativeTarget "GRMakersTests" */ = {
			isa = XCConfigurationList;
			buildConfigurations = (
				83D66B131A79686900B6DE26 /* Debug */,
				83D66B141A79686900B6DE26 /* Release */,
			);
			defaultConfigurationIsVisible = 0;
		};
/* End XCConfigurationList section */
	};
	rootObject = 83D66AE41A79686900B6DE26 /* Project object */;
}
